
Microsoft Visual Studio Solution File, Format Version 12.00
# Visual Studio Version 17
VisualStudioVersion = 17.0.31410.414
MinimumVisualStudioVersion = 10.0.40219.1
Project("{2150E333-8FDC-42A3-9474-1A3956D46DE8}") = "Services", "Services", "{4EB6EA94-E22C-4600-8AE6-D0307E8262E4}"
EndProject
Project("{2150E333-8FDC-42A3-9474-1A3956D46DE8}") = "Post", "Post", "{776CC57A-BEBD-4FEC-8A2D-AFF5F9D48A6F}"
EndProject
Project("{9A19103F-16F7-4668-BE54-9A1E7A4F7556}") = "Post.API", "Services\Post\Post.API\Post.API.csproj", "{2F30BE90-C823-4F9E-807A-D683E70E6127}"
EndProject
Project("{9A19103F-16F7-4668-BE54-9A1E7A4F7556}") = "Post.Domain", "Services\Post\Post.Domain\Post.Domain.csproj", "{C43847B9-4537-4F2A-BDD1-7BA5D2851979}"
EndProject
Project("{9A19103F-16F7-4668-BE54-9A1E7A4F7556}") = "Post.Application", "Services\Post\Post.Application\Post.Application.csproj", "{E2044201-E9B3-42D8-AD1C-D6610D36A441}"
EndProject
Project("{9A19103F-16F7-4668-BE54-9A1E7A4F7556}") = "Post.Infrastructure", "Services\Post\Post.Infrastructure\Post.Infrastructure.csproj", "{800942C8-81EA-4E20-BBB9-4EFB5366E7D2}"
EndProject
Project("{E53339B2-1760-4266-BCC7-CA923CBCF16C}") = "docker-compose", "docker-compose.dcproj", "{C6C9DAA9-6A0D-47F7-BDC0-6EE7C99BEA11}"
EndProject
Project("{2150E333-8FDC-42A3-9474-1A3956D46DE8}") = "Subscription", "Subscription", "{52F2B8EC-FB67-4076-AE2A-DA3940DA36C4}"
EndProject
Project("{2150E333-8FDC-42A3-9474-1A3956D46DE8}") = "Comment", "Comment", "{8134FA10-06CC-466A-9C44-57F4D99A4EB3}"
EndProject
Project("{2150E333-8FDC-42A3-9474-1A3956D46DE8}") = "BuildingBlocks", "BuildingBlocks", "{705C3E94-66A8-43CC-BDE9-9E7D216A1E47}"
EndProject
Project("{2150E333-8FDC-42A3-9474-1A3956D46DE8}") = "EventBus", "EventBus", "{44BCF410-9F08-4AAC-AABB-D62AB6A68D35}"
EndProject
Project("{9A19103F-16F7-4668-BE54-9A1E7A4F7556}") = "EventBus.Common", "BuildingBlocks\EventBus\EventBus.Common\EventBus.Common.csproj", "{84CF8A0A-2DBC-496F-8430-6137431E67AD}"
EndProject
Project("{9A19103F-16F7-4668-BE54-9A1E7A4F7556}") = "EventBus.Events", "BuildingBlocks\EventBus\EventBus.Events\EventBus.Events.csproj", "{3EC56C85-C2BB-4A89-90A4-E1E4D60F7899}"
EndProject
Project("{FAE04EC0-301F-11D3-BF4B-00C04F79EFBC}") = "Subscription.API", "services\Subscription\Subscription.API\Subscription.API.csproj", "{19CA44F8-D2B7-45A2-B272-C9157BD5427D}"
EndProject
Project("{FAE04EC0-301F-11D3-BF4B-00C04F79EFBC}") = "Subscription.Domain", "Services\Subscription\Subscription.Domain\Subscription.Domain.csproj", "{03727D6A-4158-4A2F-A668-A1823CDBD864}"
EndProject
Project("{FAE04EC0-301F-11D3-BF4B-00C04F79EFBC}") = "Subscription.Application", "Services\Subscription\Subscription.Application\Subscription.Application.csproj", "{7FCE8163-BB18-4DAC-A4BF-F00345568C8F}"
EndProject
Project("{FAE04EC0-301F-11D3-BF4B-00C04F79EFBC}") = "Subscription.Infrastructure", "Services\Subscription\Subscription.Infrastructure\Subscription.Infrastructure.csproj", "{2134F4BE-D51B-416A-9590-CFC47FDEF34F}"
EndProject
Global
	GlobalSection(SolutionConfigurationPlatforms) = preSolution
		Debug|Any CPU = Debug|Any CPU
		Release|Any CPU = Release|Any CPU
	EndGlobalSection
	GlobalSection(ProjectConfigurationPlatforms) = postSolution
		{2F30BE90-C823-4F9E-807A-D683E70E6127}.Debug|Any CPU.ActiveCfg = Debug|Any CPU
		{2F30BE90-C823-4F9E-807A-D683E70E6127}.Debug|Any CPU.Build.0 = Debug|Any CPU
		{2F30BE90-C823-4F9E-807A-D683E70E6127}.Release|Any CPU.ActiveCfg = Release|Any CPU
		{2F30BE90-C823-4F9E-807A-D683E70E6127}.Release|Any CPU.Build.0 = Release|Any CPU
		{C43847B9-4537-4F2A-BDD1-7BA5D2851979}.Debug|Any CPU.ActiveCfg = Debug|Any CPU
		{C43847B9-4537-4F2A-BDD1-7BA5D2851979}.Debug|Any CPU.Build.0 = Debug|Any CPU
		{C43847B9-4537-4F2A-BDD1-7BA5D2851979}.Release|Any CPU.ActiveCfg = Release|Any CPU
		{C43847B9-4537-4F2A-BDD1-7BA5D2851979}.Release|Any CPU.Build.0 = Release|Any CPU
		{E2044201-E9B3-42D8-AD1C-D6610D36A441}.Debug|Any CPU.ActiveCfg = Debug|Any CPU
		{E2044201-E9B3-42D8-AD1C-D6610D36A441}.Debug|Any CPU.Build.0 = Debug|Any CPU
		{E2044201-E9B3-42D8-AD1C-D6610D36A441}.Release|Any CPU.ActiveCfg = Release|Any CPU
		{E2044201-E9B3-42D8-AD1C-D6610D36A441}.Release|Any CPU.Build.0 = Release|Any CPU
		{800942C8-81EA-4E20-BBB9-4EFB5366E7D2}.Debug|Any CPU.ActiveCfg = Debug|Any CPU
		{800942C8-81EA-4E20-BBB9-4EFB5366E7D2}.Debug|Any CPU.Build.0 = Debug|Any CPU
		{800942C8-81EA-4E20-BBB9-4EFB5366E7D2}.Release|Any CPU.ActiveCfg = Release|Any CPU
		{800942C8-81EA-4E20-BBB9-4EFB5366E7D2}.Release|Any CPU.Build.0 = Release|Any CPU
		{C6C9DAA9-6A0D-47F7-BDC0-6EE7C99BEA11}.Debug|Any CPU.ActiveCfg = Debug|Any CPU
		{C6C9DAA9-6A0D-47F7-BDC0-6EE7C99BEA11}.Debug|Any CPU.Build.0 = Debug|Any CPU
		{C6C9DAA9-6A0D-47F7-BDC0-6EE7C99BEA11}.Release|Any CPU.ActiveCfg = Release|Any CPU
		{C6C9DAA9-6A0D-47F7-BDC0-6EE7C99BEA11}.Release|Any CPU.Build.0 = Release|Any CPU
		{84CF8A0A-2DBC-496F-8430-6137431E67AD}.Debug|Any CPU.ActiveCfg = Debug|Any CPU
		{84CF8A0A-2DBC-496F-8430-6137431E67AD}.Debug|Any CPU.Build.0 = Debug|Any CPU
		{84CF8A0A-2DBC-496F-8430-6137431E67AD}.Release|Any CPU.ActiveCfg = Release|Any CPU
		{84CF8A0A-2DBC-496F-8430-6137431E67AD}.Release|Any CPU.Build.0 = Release|Any CPU
		{3EC56C85-C2BB-4A89-90A4-E1E4D60F7899}.Debug|Any CPU.ActiveCfg = Debug|Any CPU
		{3EC56C85-C2BB-4A89-90A4-E1E4D60F7899}.Debug|Any CPU.Build.0 = Debug|Any CPU
		{3EC56C85-C2BB-4A89-90A4-E1E4D60F7899}.Release|Any CPU.ActiveCfg = Release|Any CPU
		{3EC56C85-C2BB-4A89-90A4-E1E4D60F7899}.Release|Any CPU.Build.0 = Release|Any CPU
		{19CA44F8-D2B7-45A2-B272-C9157BD5427D}.Debug|Any CPU.ActiveCfg = Debug|Any CPU
		{19CA44F8-D2B7-45A2-B272-C9157BD5427D}.Debug|Any CPU.Build.0 = Debug|Any CPU
		{19CA44F8-D2B7-45A2-B272-C9157BD5427D}.Release|Any CPU.ActiveCfg = Release|Any CPU
		{19CA44F8-D2B7-45A2-B272-C9157BD5427D}.Release|Any CPU.Build.0 = Release|Any CPU
		{03727D6A-4158-4A2F-A668-A1823CDBD864}.Debug|Any CPU.ActiveCfg = Debug|Any CPU
		{03727D6A-4158-4A2F-A668-A1823CDBD864}.Debug|Any CPU.Build.0 = Debug|Any CPU
		{03727D6A-4158-4A2F-A668-A1823CDBD864}.Release|Any CPU.ActiveCfg = Release|Any CPU
		{03727D6A-4158-4A2F-A668-A1823CDBD864}.Release|Any CPU.Build.0 = Release|Any CPU
		{7FCE8163-BB18-4DAC-A4BF-F00345568C8F}.Debug|Any CPU.ActiveCfg = Debug|Any CPU
		{7FCE8163-BB18-4DAC-A4BF-F00345568C8F}.Debug|Any CPU.Build.0 = Debug|Any CPU
		{7FCE8163-BB18-4DAC-A4BF-F00345568C8F}.Release|Any CPU.ActiveCfg = Release|Any CPU
		{7FCE8163-BB18-4DAC-A4BF-F00345568C8F}.Release|Any CPU.Build.0 = Release|Any CPU
		{2134F4BE-D51B-416A-9590-CFC47FDEF34F}.Debug|Any CPU.ActiveCfg = Debug|Any CPU
		{2134F4BE-D51B-416A-9590-CFC47FDEF34F}.Debug|Any CPU.Build.0 = Debug|Any CPU
		{2134F4BE-D51B-416A-9590-CFC47FDEF34F}.Release|Any CPU.ActiveCfg = Release|Any CPU
		{2134F4BE-D51B-416A-9590-CFC47FDEF34F}.Release|Any CPU.Build.0 = Release|Any CPU
	EndGlobalSection
	GlobalSection(SolutionProperties) = preSolution
		HideSolutionNode = FALSE
	EndGlobalSection
	GlobalSection(NestedProjects) = preSolution
		{776CC57A-BEBD-4FEC-8A2D-AFF5F9D48A6F} = {4EB6EA94-E22C-4600-8AE6-D0307E8262E4}
		{2F30BE90-C823-4F9E-807A-D683E70E6127} = {776CC57A-BEBD-4FEC-8A2D-AFF5F9D48A6F}
		{C43847B9-4537-4F2A-BDD1-7BA5D2851979} = {776CC57A-BEBD-4FEC-8A2D-AFF5F9D48A6F}
		{E2044201-E9B3-42D8-AD1C-D6610D36A441} = {776CC57A-BEBD-4FEC-8A2D-AFF5F9D48A6F}
		{800942C8-81EA-4E20-BBB9-4EFB5366E7D2} = {776CC57A-BEBD-4FEC-8A2D-AFF5F9D48A6F}
		{52F2B8EC-FB67-4076-AE2A-DA3940DA36C4} = {4EB6EA94-E22C-4600-8AE6-D0307E8262E4}
		{8134FA10-06CC-466A-9C44-57F4D99A4EB3} = {4EB6EA94-E22C-4600-8AE6-D0307E8262E4}
		{44BCF410-9F08-4AAC-AABB-D62AB6A68D35} = {705C3E94-66A8-43CC-BDE9-9E7D216A1E47}
		{84CF8A0A-2DBC-496F-8430-6137431E67AD} = {44BCF410-9F08-4AAC-AABB-D62AB6A68D35}
		{3EC56C85-C2BB-4A89-90A4-E1E4D60F7899} = {44BCF410-9F08-4AAC-AABB-D62AB6A68D35}
		{19CA44F8-D2B7-45A2-B272-C9157BD5427D} = {52F2B8EC-FB67-4076-AE2A-DA3940DA36C4}
		{03727D6A-4158-4A2F-A668-A1823CDBD864} = {52F2B8EC-FB67-4076-AE2A-DA3940DA36C4}
		{7FCE8163-BB18-4DAC-A4BF-F00345568C8F} = {52F2B8EC-FB67-4076-AE2A-DA3940DA36C4}
		{2134F4BE-D51B-416A-9590-CFC47FDEF34F} = {52F2B8EC-FB67-4076-AE2A-DA3940DA36C4}
	EndGlobalSection
	GlobalSection(ExtensibilityGlobals) = postSolution
		SolutionGuid = {48FD1F4D-E81C-47F6-A747-357F030C907E}
	EndGlobalSection
EndGlobal
